{
  "name": "lazy",
  "version": "1.0.0",
  "lockfileVersion": 1,
  "requires": true,
  "dependencies": {
    "eslint-config-prettier": {
      "version": "2.8.0",
      "resolved": "https://registry.npmjs.org/eslint-config-prettier/-/eslint-config-prettier-2.8.0.tgz",
      "integrity": "sha512-XuCvdsC+n4jYPXxEyleaTF9wQR/rv5ofbrhTJiVAv+a91O9EcroicK74XHtbAYeopkF7i2EAH2GNLU48PnRIqw==",
      "dev": true,
      "requires": {
        "get-stdin": "5.0.1"
      }
    },
    "get-stdin": {
      "version": "5.0.1",
      "resolved": "https://registry.npmjs.org/get-stdin/-/get-stdin-5.0.1.tgz",
      "integrity": "sha1-Ei4WFZHiH/TFJTAwVpPyDmOTo5g=",
      "dev": true
    }
  }
}
